
Microsoft Visual Studio Solution File, Format Version 12.00
# Visual Studio Version 17
VisualStudioVersion = 17.13.35825.156 d17.13
MinimumVisualStudioVersion = 10.0.40219.1
Project("{FAE04EC0-301F-11D3-BF4B-00C04F79EFBC}") = "Helloweb", "Helloweb.csproj", "{15C110FB-9C7A-478D-85AE-1693CF958039}"
EndProject
Global
	GlobalSection(SolutionConfigurationPlatforms) = preSolution
		Debug|Any CPU = Debug|Any CPU
		Release|Any CPU = Release|Any CPU
	EndGlobalSection
	GlobalSection(ProjectConfigurationPlatforms) = postSolution
		{15C110FB-9C7A-478D-85AE-1693CF958039}.Debug|Any CPU.ActiveCfg = Debug|Any CPU
		{15C110FB-9C7A-478D-85AE-1693CF958039}.Debug|Any CPU.Build.0 = Debug|Any CPU
		{15C110FB-9C7A-478D-85AE-1693CF958039}.Release|Any CPU.ActiveCfg = Release|Any CPU
		{15C110FB-9C7A-478D-85AE-1693CF958039}.Release|Any CPU.Build.0 = Release|Any CPU
	EndGlobalSection
	GlobalSection(SolutionProperties) = preSolution
		HideSolutionNode = FALSE
	EndGlobalSection
	GlobalSection(ExtensibilityGlobals) = postSolution
		SolutionGuid = {9A11BDD6-9441-4427-991A-B8CF5B0ABD5A}
	EndGlobalSection
EndGlobal
